#MicroXplorer Configuration settings - do not modify
ADC1.Channel-0\#ChannelRegularConversion=ADC_CHANNEL_1
ADC1.Channel-1\#ChannelRegularConversion=ADC_CHANNEL_2
ADC1.ClockPrescaler=ADC_CLOCK_ASYNC_DIV1
ADC1.ContinuousConvMode=ENABLE
ADC1.DMAContinuousRequests=ENABLE
ADC1.EOCSelection=ADC_EOC_SEQ_CONV
ADC1.ExternalTrigConv=ADC_EXTERNALTRIG_T1_CC1
ADC1.GainCompensation=0
ADC1.IPParameters=Rank-0\#ChannelRegularConversion,Channel-0\#ChannelRegularConversion,SamplingTime-0\#ChannelRegularConversion,OffsetNumber-0\#ChannelRegularConversion,NbrOfConversionFlag,Rank-1\#ChannelRegularConversion,Channel-1\#ChannelRegularConversion,SamplingTime-1\#ChannelRegularConversion,OffsetNumber-1\#ChannelRegularConversion,NbrOfConversion,OversamplingMode,DMAContinuousRequests,ContinuousConvMode,master,EOCSelection,GainCompensation,ExternalTrigConv,ClockPrescaler
ADC1.NbrOfConversion=2
ADC1.NbrOfConversionFlag=1
ADC1.OffsetNumber-0\#ChannelRegularConversion=ADC_OFFSET_NONE
ADC1.OffsetNumber-1\#ChannelRegularConversion=ADC_OFFSET_NONE
ADC1.OversamplingMode=DISABLE
ADC1.Rank-0\#ChannelRegularConversion=1
ADC1.Rank-1\#ChannelRegularConversion=2
ADC1.SamplingTime-0\#ChannelRegularConversion=ADC_SAMPLETIME_247CYCLES_5
ADC1.SamplingTime-1\#ChannelRegularConversion=ADC_SAMPLETIME_247CYCLES_5
ADC1.master=1
DAC1.DAC_Channel-DAC_OUT2=DAC_CHANNEL_2
DAC1.DAC_HighFrequency_OUT1-DAC_OUT1=DAC_HIGH_FREQUENCY_INTERFACE_MODE_DISABLE
DAC1.DAC_HighFrequency_OUT2-DAC_OUT2=DAC_HIGH_FREQUENCY_INTERFACE_MODE_DISABLE
DAC1.IPParameters=DAC_Channel-DAC_OUT2,DAC_HighFrequency_OUT1-DAC_OUT1,DAC_HighFrequency_OUT2-DAC_OUT2
Dma.ADC1.0.Direction=DMA_PERIPH_TO_MEMORY
Dma.ADC1.0.EventEnable=DISABLE
Dma.ADC1.0.Instance=DMA1_Channel1
Dma.ADC1.0.MemDataAlignment=DMA_MDATAALIGN_HALFWORD
Dma.ADC1.0.MemInc=DMA_MINC_ENABLE
Dma.ADC1.0.Mode=DMA_CIRCULAR
Dma.ADC1.0.PeriphDataAlignment=DMA_PDATAALIGN_HALFWORD
Dma.ADC1.0.PeriphInc=DMA_PINC_DISABLE
Dma.ADC1.0.Polarity=HAL_DMAMUX_REQ_GEN_RISING
Dma.ADC1.0.Priority=DMA_PRIORITY_LOW
Dma.ADC1.0.RequestNumber=1
Dma.ADC1.0.RequestParameters=Instance,Direction,PeriphInc,MemInc,PeriphDataAlignment,MemDataAlignment,Mode,Priority,SignalID,Polarity,RequestNumber,SyncSignalID,SyncPolarity,SyncEnable,EventEnable,SyncRequestNumber
Dma.ADC1.0.SignalID=NONE
Dma.ADC1.0.SyncEnable=DISABLE
Dma.ADC1.0.SyncPolarity=HAL_DMAMUX_SYNC_NO_EVENT
Dma.ADC1.0.SyncRequestNumber=1
Dma.ADC1.0.SyncSignalID=NONE
Dma.Request0=ADC1
Dma.RequestsNb=1
File.Version=6
KeepUserPlacement=false
Mcu.Family=STM32G4
Mcu.IP0=ADC1
Mcu.IP1=CORDIC
Mcu.IP2=DAC1
Mcu.IP3=DMA
Mcu.IP4=NVIC
Mcu.IP5=RCC
Mcu.IP6=SYS
Mcu.IP7=TIM1
Mcu.IP8=USB
Mcu.IP9=USB_DEVICE
Mcu.IPNb=10
Mcu.Name=STM32G431K(6-8-B)Tx
Mcu.Package=LQFP32
Mcu.Pin0=PA0
Mcu.Pin1=PA1
Mcu.Pin10=PA13
Mcu.Pin11=PA14
Mcu.Pin12=PB3
Mcu.Pin13=PB4
Mcu.Pin14=PB5
Mcu.Pin15=PB6
Mcu.Pin16=VP_CORDIC_VS_CORDIC
Mcu.Pin17=VP_SYS_VS_Systick
Mcu.Pin18=VP_SYS_VS_DBSignals
Mcu.Pin19=VP_TIM1_VS_ClockSourceINT
Mcu.Pin2=PA4
Mcu.Pin20=VP_USB_DEVICE_VS_USB_DEVICE_CUSTOM_HID_FS
Mcu.Pin3=PA5
Mcu.Pin4=PA7
Mcu.Pin5=PB0
Mcu.Pin6=PA8
Mcu.Pin7=PA9
Mcu.Pin8=PA11
Mcu.Pin9=PA12
Mcu.PinsNb=21
Mcu.ThirdPartyNb=0
Mcu.UserConstants=
Mcu.UserName=STM32G431K8Tx
MxCube.Version=5.6.0
MxDb.Version=DB.5.0.60
NVIC.BusFault_IRQn=true\:0\:0\:false\:false\:true\:false\:false
NVIC.DMA1_Channel1_IRQn=true\:0\:0\:false\:false\:true\:false\:true
NVIC.DebugMonitor_IRQn=true\:0\:0\:false\:false\:true\:false\:false
NVIC.ForceEnableDMAVector=true
NVIC.HardFault_IRQn=true\:0\:0\:false\:false\:true\:false\:false
NVIC.MemoryManagement_IRQn=true\:0\:0\:false\:false\:true\:false\:false
NVIC.NonMaskableInt_IRQn=true\:0\:0\:false\:false\:true\:false\:false
NVIC.PendSV_IRQn=true\:0\:0\:false\:false\:true\:false\:false
NVIC.PriorityGroup=NVIC_PRIORITYGROUP_4
NVIC.SVCall_IRQn=true\:0\:0\:false\:false\:true\:false\:false
NVIC.SysTick_IRQn=true\:0\:0\:false\:false\:true\:false\:true
NVIC.USB_LP_IRQn=true\:0\:0\:false\:false\:true\:false\:true
NVIC.UsageFault_IRQn=true\:0\:0\:false\:false\:true\:false\:false
PA0.GPIOParameters=GPIO_Label
PA0.GPIO_Label=Vkeyboard_L
PA0.Mode=IN1-Single-Ended
PA0.Signal=ADC1_IN1
PA1.GPIOParameters=GPIO_Label
PA1.GPIO_Label=Vkeyboard_H
PA1.Locked=true
PA1.Mode=IN2-Single-Ended
PA1.Signal=ADC1_IN2
PA11.Mode=Device
PA11.Signal=USB_DM
PA12.Mode=Device
PA12.Signal=USB_DP
PA13.Mode=Serial_Wire
PA13.Signal=SYS_JTMS-SWDIO
PA14.Mode=Serial_Wire
PA14.Signal=SYS_JTCK-SWCLK
PA4.GPIOParameters=GPIO_Label
PA4.GPIO_Label=Audio_out_R
PA4.Signal=COMP_DAC11_group
PA5.GPIOParameters=GPIO_Label
PA5.GPIO_Label=Audio_out_L
PA5.Signal=COMP_DAC12_group
PA7.GPIOParameters=GPIO_Label
PA7.GPIO_Label=SPK_hi_B_G
PA7.Mode=PWM Generation1 CH1 CH1N
PA7.Signal=TIM1_CH1N
PA8.GPIOParameters=GPIO_Label
PA8.GPIO_Label=SPK_lo_B_G
PA8.Signal=S_TIM1_CH1
PA9.GPIOParameters=GPIO_Label
PA9.GPIO_Label=SPK_lo_A_G
PA9.Signal=S
isbadioc=false
